// !$*UTF8*$!
{
	archiveVersion = 1;
	classes = {
	};
	objectVersion = 56;
	objects = {

/* Begin PBXBuildFile section */
		5D4141CA1A068B1361C03D2B /* Pods_PZXPiPTeleprompter.framework in Frameworks */ = {isa = PBXBuildFile; fileRef = 71774B7D8CA975A522B7854F /* Pods_PZXPiPTeleprompter.framework */; };
		700B5DC22A13134A0022913D /* AppDelegate.swift in Sources */ = {isa = PBXBuildFile; fileRef = 700B5DC12A13134A0022913D /* AppDelegate.swift */; };
		700B5DC42A13134A0022913D /* SceneDelegate.swift in Sources */ = {isa = PBXBuildFile; fileRef = 700B5DC32A13134A0022913D /* SceneDelegate.swift */; };
		700B5DC62A13134A0022913D /* ViewController.swift in Sources */ = {isa = PBXBuildFile; fileRef = 700B5DC52A13134A0022913D /* ViewController.swift */; };
		700B5DC92A13134A0022913D /* Main.storyboard in Resources */ = {isa = PBXBuildFile; fileRef = 700B5DC72A13134A0022913D /* Main.storyboard */; };
		700B5DCB2A13134B0022913D /* Assets.xcassets in Resources */ = {isa = PBXBuildFile; fileRef = 700B5DCA2A13134B0022913D /* Assets.xcassets */; };
		700B5DCE2A13134B0022913D /* LaunchScreen.storyboard in Resources */ = {isa = PBXBuildFile; fileRef = 700B5DCC2A13134B0022913D /* LaunchScreen.storyboard */; };
		700B5DD62A1313980022913D /* holder.mp4 in Resources */ = {isa = PBXBuildFile; fileRef = 700B5DD52A1313980022913D /* holder.mp4 */; };
/* End PBXBuildFile section */

/* Begin PBXFileReference section */
		700B5DBE2A13134A0022913D /* PZXPiPTeleprompter.app */ = {isa = PBXFileReference; explicitFileType = wrapper.application; includeInIndex = 0; path = PZXPiPTeleprompter.app; sourceTree = BUILT_PRODUCTS_DIR; };
		700B5DC12A13134A0022913D /* AppDelegate.swift */ = {isa = PBXFileReference; lastKnownFileType = sourcecode.swift; path = AppDelegate.swift; sourceTree = "<group>"; };
		700B5DC32A13134A0022913D /* SceneDelegate.swift */ = {isa = PBXFileReference; lastKnownFileType = sourcecode.swift; path = SceneDelegate.swift; sourceTree = "<group>"; };
		700B5DC52A13134A0022913D /* ViewController.swift */ = {isa = PBXFileReference; lastKnownFileType = sourcecode.swift; path = ViewController.swift; sourceTree = "<group>"; };
		700B5DC82A13134A0022913D /* Base */ = {isa = PBXFileReference; lastKnownFileType = file.storyboard; name = Base; path = Base.lproj/Main.storyboard; sourceTree = "<group>"; };
		700B5DCA2A13134B0022913D /* Assets.xcassets */ = {isa = PBXFileReference; lastKnownFileType = folder.assetcatalog; path = Assets.xcassets; sourceTree = "<group>"; };
		700B5DCD2A13134B0022913D /* Base */ = {isa = PBXFileReference; lastKnownFileType = file.storyboard; name = Base; path = Base.lproj/LaunchScreen.storyboard; sourceTree = "<group>"; };
		700B5DCF2A13134B0022913D /* Info.plist */ = {isa = PBXFileReference; lastKnownFileType = text.plist.xml; path = Info.plist; sourceTree = "<group>"; };
		700B5DD52A1313980022913D /* holder.mp4 */ = {isa = PBXFileReference; lastKnownFileType = file; path = holder.mp4; sourceTree = "<group>"; };
		71774B7D8CA975A522B7854F /* Pods_PZXPiPTeleprompter.framework */ = {isa = PBXFileReference; explicitFileType = wrapper.framework; includeInIndex = 0; path = Pods_PZXPiPTeleprompter.framework; sourceTree = BUILT_PRODUCTS_DIR; };
		776306DF350D693FEC309467 /* Pods-PZXPiPTeleprompter.release.xcconfig */ = {isa = PBXFileReference; includeInIndex = 1; lastKnownFileType = text.xcconfig; name = "Pods-PZXPiPTeleprompter.release.xcconfig"; path = "Target Support Files/Pods-PZXPiPTeleprompter/Pods-PZXPiPTeleprompter.release.xcconfig"; sourceTree = "<group>"; };
		B0ADBF21E116124BB0D1BFD4 /* Pods-PZXPiPTeleprompter.debug.xcconfig */ = {isa = PBXFileReference; includeInIndex = 1; lastKnownFileType = text.xcconfig; name = "Pods-PZXPiPTeleprompter.debug.xcconfig"; path = "Target Support Files/Pods-PZXPiPTeleprompter/Pods-PZXPiPTeleprompter.debug.xcconfig"; sourceTree = "<group>"; };
/* End PBXFileReference section */

/* Begin PBXFrameworksBuildPhase section */
		700B5DBB2A13134A0022913D /* Frameworks */ = {
			isa = PBXFrameworksBuildPhase;
			buildActionMask = 2147483647;
			files = (
				5D4141CA1A068B1361C03D2B /* Pods_PZXPiPTeleprompter.framework in Frameworks */,
			);
			runOnlyForDeploymentPostprocessing = 0;
		};
/* End PBXFrameworksBuildPhase section */

/* Begin PBXGroup section */
		2BC3800D02A9A164D6A9BABC /* Pods */ = {
			isa = PBXGroup;
			children = (
				B0ADBF21E116124BB0D1BFD4 /* Pods-PZXPiPTeleprompter.debug.xcconfig */,
				776306DF350D693FEC309467 /* Pods-PZXPiPTeleprompter.release.xcconfig */,
			);
			name = Pods;
			path = Pods;
			sourceTree = "<group>";
		};
		700B5DB52A13134A0022913D = {
			isa = PBXGroup;
			children = (
				700B5DC02A13134A0022913D /* PZXPiPTeleprompter */,
				700B5DBF2A13134A0022913D /* Products */,
				2BC3800D02A9A164D6A9BABC /* Pods */,
				F3FAAA677B0813C519E95FB4 /* Frameworks */,
			);
			sourceTree = "<group>";
		};
		700B5DBF2A13134A0022913D /* Products */ = {
			isa = PBXGroup;
			children = (
				700B5DBE2A13134A0022913D /* PZXPiPTeleprompter.app */,
			);
			name = Products;
			sourceTree = "<group>";
		};
		700B5DC02A13134A0022913D /* PZXPiPTeleprompter */ = {
			isa = PBXGroup;
			children = (
				700B5DD52A1313980022913D /* holder.mp4 */,
				700B5DC12A13134A0022913D /* AppDelegate.swift */,
				700B5DC32A13134A0022913D /* SceneDelegate.swift */,
				700B5DC52A13134A0022913D /* ViewController.swift */,
				700B5DC72A13134A0022913D /* Main.storyboard */,
				700B5DCA2A13134B0022913D /* Assets.xcassets */,
				700B5DCC2A13134B0022913D /* LaunchScreen.storyboard */,
				700B5DCF2A13134B0022913D /* Info.plist */,
			);
			path = PZXPiPTeleprompter;
			sourceTree = "<group>";
		};
		F3FAAA677B0813C519E95FB4 /* Frameworks */ = {
			isa = PBXGroup;
			children = (
				71774B7D8CA975A522B7854F /* Pods_PZXPiPTeleprompter.framework */,
			);
			name = Frameworks;
			sourceTree = "<group>";
		};
/* End PBXGroup section */

/* Begin PBXNativeTarget section */
		700B5DBD2A13134A0022913D /* PZXPiPTeleprompter */ = {
			isa = PBXNativeTarget;
			buildConfigurationList = 700B5DD22A13134B0022913D /* Build configuration list for PBXNativeTarget "PZXPiPTeleprompter" */;
			buildPhases = (
				7514165288312B0A3AD5C6A0 /* [CP] Check Pods Manifest.lock */,
				700B5DBA2A13134A0022913D /* Sources */,
				700B5DBB2A13134A0022913D /* Frameworks */,
				700B5DBC2A13134A0022913D /* Resources */,
				B5CE3E2DBAAE5127ABB794C3 /* [CP] Embed Pods Frameworks */,
			);
			buildRules = (
			);
			dependencies = (
			);
			name = PZXPiPTeleprompter;
			productName = PZXPiPTeleprompter;
			productReference = 700B5DBE2A13134A0022913D /* PZXPiPTeleprompter.app */;
			productType = "com.apple.product-type.application";
		};
/* End PBXNativeTarget section */

/* Begin PBXProject section */
		700B5DB62A13134A0022913D /* Project object */ = {
			isa = PBXProject;
			attributes = {
				BuildIndependentTargetsInParallel = 1;
				LastSwiftUpdateCheck = 1420;
				LastUpgradeCheck = 1420;
				TargetAttributes = {
					700B5DBD2A13134A0022913D = {
						CreatedOnToolsVersion = 14.2;
					};
				};
			};
			buildConfigurationList = 700B5DB92A13134A0022913D /* Build configuration list for PBXProject "PZXPiPTeleprompter" */;
			compatibilityVersion = "Xcode 14.0";
			developmentRegion = en;
			hasScannedForEncodings = 0;
			knownRegions = (
				en,
				Base,
			);
			mainGroup = 700B5DB52A13134A0022913D;
			productRefGroup = 700B5DBF2A13134A0022913D /* Products */;
			projectDirPath = "";
			projectRoot = "";
			targets = (
				700B5DBD2A13134A0022913D /* PZXPiPTeleprompter */,
			);
		};
/* End PBXProject section */

/* Begin PBXResourcesBuildPhase section */
		700B5DBC2A13134A0022913D /* Resources */ = {
			isa = PBXResourcesBuildPhase;
			buildActionMask = 2147483647;
			files = (
				700B5DCE2A13134B0022913D /* LaunchScreen.storyboard in Resources */,
				700B5DCB2A13134B0022913D /* Assets.xcassets in Resources */,
				700B5DC92A13134A0022913D /* Main.storyboard in Resources */,
				700B5DD62A1313980022913D /* holder.mp4 in Resources */,
			);
			runOnlyForDeploymentPostprocessing = 0;
		};
/* End PBXResourcesBuildPhase section */

/* Begin PBXShellScriptBuildPhase section */
		7514165288312B0A3AD5C6A0 /* [CP] Check Pods Manifest.lock */ = {
			isa = PBXShellScriptBuildPhase;
			buildActionMask = 2147483647;
			files = (
			);
			inputFileListPaths = (
			);
			inputPaths = (
				"${PODS_PODFILE_DIR_PATH}/Podfile.lock",
				"${PODS_ROOT}/Manifest.lock",
			);
			name = "[CP] Check Pods Manifest.lock";
			outputFileListPaths = (
			);
			outputPaths = (
				"$(DERIVED_FILE_DIR)/Pods-PZXPiPTeleprompter-checkManifestLockResult.txt",
			);
			runOnlyForDeploymentPostprocessing = 0;
			shellPath = /bin/sh;
			shellScript = "diff \"${PODS_PODFILE_DIR_PATH}/Podfile.lock\" \"${PODS_ROOT}/Manifest.lock\" > /dev/null\nif [ $? != 0 ] ; then\n    # print error to STDERR\n    echo \"error: The sandbox is not in sync with the Podfile.lock. Run 'pod install' or update your CocoaPods installation.\" >&2\n    exit 1\nfi\n# This output is used by Xcode 'outputs' to avoid re-running this script phase.\necho \"SUCCESS\" > \"${SCRIPT_OUTPUT_FILE_0}\"\n";
			showEnvVarsInLog = 0;
		};
		B5CE3E2DBAAE5127ABB794C3 /* [CP] Embed Pods Frameworks */ = {
			isa = PBXShellScriptBuildPhase;
			buildActionMask = 2147483647;
			files = (
			);
			inputFileListPaths = (
				"${PODS_ROOT}/Target Support Files/Pods-PZXPiPTeleprompter/Pods-PZXPiPTeleprompter-frameworks-${CONFIGURATION}-input-files.xcfilelist",
			);
			name = "[CP] Embed Pods Frameworks";
			outputFileListPaths = (
				"${PODS_ROOT}/Target Support Files/Pods-PZXPiPTeleprompter/Pods-PZXPiPTeleprompter-frameworks-${CONFIGURATION}-output-files.xcfilelist",
			);
			runOnlyForDeploymentPostprocessing = 0;
			shellPath = /bin/sh;
			shellScript = "\"${PODS_ROOT}/Target Support Files/Pods-PZXPiPTeleprompter/Pods-PZXPiPTeleprompter-frameworks.sh\"\n";
			showEnvVarsInLog = 0;
		};
/* End PBXShellScriptBuildPhase section */

/* Begin PBXSourcesBuildPhase section */
		700B5DBA2A13134A0022913D /* Sources */ = {
			isa = PBXSourcesBuildPhase;
			buildActionMask = 2147483647;
			files = (
				700B5DC62A13134A0022913D /* ViewController.swift in Sources */,
				700B5DC22A13134A0022913D /* AppDelegate.swift in Sources */,
				700B5DC42A13134A0022913D /* SceneDelegate.swift in Sources */,
			);
			runOnlyForDeploymentPostprocessing = 0;
		};
/* End PBXSourcesBuildPhase section */

/* Begin PBXVariantGroup section */
		700B5DC72A13134A0022913D /* Main.storyboard */ = {
			isa = PBXVariantGroup;
			children = (
				700B5DC82A13134A0022913D /* Base */,
			);
			name = Main.storyboard;
			sourceTree = "<group>";
		};
		700B5DCC2A13134B0022913D /* LaunchScreen.storyboard */ = {
			isa = PBXVariantGroup;
			children = (
				700B5DCD2A13134B0022913D /* Base */,
			);
			name = LaunchScreen.storyboard;
			sourceTree = "<group>";
		};
/* End PBXVariantGroup section */

/* Begin XCBuildConfiguration section */
		700B5DD02A13134B0022913D /* Debug */ = {
			isa = XCBuildConfiguration;
			buildSettings = {
				ALWAYS_SEARCH_USER_PATHS = NO;
				CLANG_ANALYZER_NONNULL = YES;
				CLANG_ANALYZER_NUMBER_OBJECT_CONVERSION = YES_AGGRESSIVE;
				CLANG_CXX_LANGUAGE_STANDARD = "gnu++20";
				CLANG_ENABLE_MODULES = YES;
				CLANG_ENABLE_OBJC_ARC = YES;
				CLANG_ENABLE_OBJC_WEAK = YES;
				CLANG_WARN_BLOCK_CAPTURE_AUTORELEASING = YES;
				CLANG_WARN_BOOL_CONVERSION = YES;
				CLANG_WARN_COMMA = YES;
				CLANG_WARN_CONSTANT_CONVERSION = YES;
				CLANG_WARN_DEPRECATED_OBJC_IMPLEMENTATIONS = YES;
				CLANG_WARN_DIRECT_OBJC_ISA_USAGE = YES_ERROR;
				CLANG_WARN_DOCUMENTATION_COMMENTS = YES;
				CLANG_WARN_EMPTY_BODY = YES;
				CLANG_WARN_ENUM_CONVERSION = YES;
				CLANG_WARN_INFINITE_RECURSION = YES;
				CLANG_WARN_INT_CONVERSION = YES;
				CLANG_WARN_NON_LITERAL_NULL_CONVERSION = YES;
				CLANG_WARN_OBJC_IMPLICIT_RETAIN_SELF = YES;
				CLANG_WARN_OBJC_LITERAL_CONVERSION = YES;
				CLANG_WARN_OBJC_ROOT_CLASS = YES_ERROR;
				CLANG_WARN_QUOTED_INCLUDE_IN_FRAMEWORK_HEADER = YES;
				CLANG_WARN_RANGE_LOOP_ANALYSIS = YES;
				CLANG_WARN_STRICT_PROTOTYPES = YES;
				CLANG_WARN_SUSPICIOUS_MOVE = YES;
				CLANG_WARN_UNGUARDED_AVAILABILITY = YES_AGGRESSIVE;
				CLANG_WARN_UNREACHABLE_CODE = YES;
				CLANG_WARN__DUPLICATE_METHOD_MATCH = YES;
				COPY_PHASE_STRIP = NO;
				DEBUG_INFORMATION_FORMAT = dwarf;
				ENABLE_STRICT_OBJC_MSGSEND = YES;
				ENABLE_TESTABILITY = YES;
				GCC_C_LANGUAGE_STANDARD = gnu11;
				GCC_DYNAMIC_NO_PIC = NO;
				GCC_NO_COMMON_BLOCKS = YES;
				GCC_OPTIMIZATION_LEVEL = 0;
				GCC_PREPROCESSOR_DEFINITIONS = (
					"DEBUG=1",
					"$(inherited)",
				);
				GCC_WARN_64_TO_32_BIT_CONVERSION = YES;
				GCC_WARN_ABOUT_RETURN_TYPE = YES_ERROR;
				GCC_WARN_UNDECLARED_SELECTOR = YES;
				GCC_WARN_UNINITIALIZED_AUTOS = YES_AGGRESSIVE;
				GCC_WARN_UNUSED_FUNCTION = YES;
				GCC_WARN_UNUSED_VARIABLE = YES;
				IPHONEOS_DEPLOYMENT_TARGET = 16.2;
				MTL_ENABLE_DEBUG_INFO = INCLUDE_SOURCE;
				MTL_FAST_MATH = YES;
				ONLY_ACTIVE_ARCH = YES;
				SDKROOT = iphoneos;
				SWIFT_ACTIVE_COMPILATION_CONDITIONS = DEBUG;
				SWIFT_OPTIMIZATION_LEVEL = "-Onone";
			};
			name = Debug;
		};
		700B5DD12A13134B0022913D /* Release */ = {
			isa = XCBuildConfiguration;
			buildSettings = {
				ALWAYS_SEARCH_USER_PATHS = NO;
				CLANG_ANALYZER_NONNULL = YES;
				CLANG_ANALYZER_NUMBER_OBJECT_CONVERSION = YES_AGGRESSIVE;
				CLANG_CXX_LANGUAGE_STANDARD = "gnu++20";
				CLANG_ENABLE_MODULES = YES;
				CLANG_ENABLE_OBJC_ARC = YES;
				CLANG_ENABLE_OBJC_WEAK = YES;
				CLANG_WARN_BLOCK_CAPTURE_AUTORELEASING = YES;
				CLANG_WARN_BOOL_CONVERSION = YES;
				CLANG_WARN_COMMA = YES;
				CLANG_WARN_CONSTANT_CONVERSION = YES;
				CLANG_WARN_DEPRECATED_OBJC_IMPLEMENTATIONS = YES;
				CLANG_WARN_DIRECT_OBJC_ISA_USAGE = YES_ERROR;
				CLANG_WARN_DOCUMENTATION_COMMENTS = YES;
				CLANG_WARN_EMPTY_BODY = YES;
				CLANG_WARN_ENUM_CONVERSION = YES;
				CLANG_WARN_INFINITE_RECURSION = YES;
				CLANG_WARN_INT_CONVERSION = YES;
				CLANG_WARN_NON_LITERAL_NULL_CONVERSION = YES;
				CLANG_WARN_OBJC_IMPLICIT_RETAIN_SELF = YES;
				CLANG_WARN_OBJC_LITERAL_CONVERSION = YES;
				CLANG_WARN_OBJC_ROOT_CLASS = YES_ERROR;
				CLANG_WARN_QUOTED_INCLUDE_IN_FRAMEWORK_HEADER = YES;
				CLANG_WARN_RANGE_LOOP_ANALYSIS = YES;
				CLANG_WARN_STRICT_PROTOTYPES = YES;
				CLANG_WARN_SUSPICIOUS_MOVE = YES;
				CLANG_WARN_UNGUARDED_AVAILABILITY = YES_AGGRESSIVE;
				CLANG_WARN_UNREACHABLE_CODE = YES;
				CLANG_WARN__DUPLICATE_METHOD_MATCH = YES;
				COPY_PHASE_STRIP = NO;
				DEBUG_INFORMATION_FORMAT = "dwarf-with-dsym";
				ENABLE_NS_ASSERTIONS = NO;
				ENABLE_STRICT_OBJC_MSGSEND = YES;
				GCC_C_LANGUAGE_STANDARD = gnu11;
				GCC_NO_COMMON_BLOCKS = YES;
				GCC_WARN_64_TO_32_BIT_CONVERSION = YES;
				GCC_WARN_ABOUT_RETURN_TYPE = YES_ERROR;
				GCC_WARN_UNDECLARED_SELECTOR = YES;
				GCC_WARN_UNINITIALIZED_AUTOS = YES_AGGRESSIVE;
				GCC_WARN_UNUSED_FUNCTION = YES;
				GCC_WARN_UNUSED_VARIABLE = YES;
				IPHONEOS_DEPLOYMENT_TARGET = 16.2;
				MTL_ENABLE_DEBUG_INFO = NO;
				MTL_FAST_MATH = YES;
				SDKROOT = iphoneos;
				SWIFT_COMPILATION_MODE = wholemodule;
				SWIFT_OPTIMIZATION_LEVEL = "-O";
				VALIDATE_PRODUCT = YES;
			};
			name = Release;
		};
		700B5DD32A13134B0022913D /* Debug */ = {
			isa = XCBuildConfiguration;
			baseConfigurationReference = B0ADBF21E116124BB0D1BFD4 /* Pods-PZXPiPTeleprompter.debug.xcconfig */;
			buildSettings = {
				ASSETCATALOG_COMPILER_APPICON_NAME = AppIcon;
				ASSETCATALOG_COMPILER_GLOBAL_ACCENT_COLOR_NAME = AccentColor;
				CODE_SIGN_STYLE = Automatic;
				CURRENT_PROJECT_VERSION = 1;
				DEVELOPMENT_TEAM = Y9CNN765NZ;
				GENERATE_INFOPLIST_FILE = YES;
				INFOPLIST_FILE = PZXPiPTeleprompter/Info.plist;
				INFOPLIST_KEY_UIApplicationSupportsIndirectInputEvents = YES;
				INFOPLIST_KEY_UILaunchStoryboardName = LaunchScreen;
				INFOPLIST_KEY_UIMainStoryboardFile = Main;
				INFOPLIST_KEY_UISupportedInterfaceOrientations_iPad = "UIInterfaceOrientationPortrait UIInterfaceOrientationPortraitUpsideDown UIInterfaceOrientationLandscapeLeft UIInterfaceOrientationLandscapeRight";
				INFOPLIST_KEY_UISupportedInterfaceOrientations_iPhone = "UIInterfaceOrientationPortrait UIInterfaceOrientationLandscapeLeft UIInterfaceOrientationLandscapeRight";
				IPHONEOS_DEPLOYMENT_TARGET = 14.0;
				LD_RUNPATH_SEARCH_PATHS = (
					"$(inherited)",
					"@executable_path/Frameworks",
				);
				MARKETING_VERSION = 1.0;
				PRODUCT_BUNDLE_IDENTIFIER = ornn.PZXPiPTeleprompter;
				PRODUCT_NAME = "$(TARGET_NAME)";
				SWIFT_EMIT_LOC_STRINGS = YES;
				SWIFT_VERSION = 5.0;
				TARGETED_DEVICE_FAMILY = "1,2";
			};
			name = Debug;
		};
		700B5DD42A13134B0022913D /* Release */ = {
			isa = XCBuildConfiguration;
			baseConfigurationReference = 776306DF350D693FEC309467 /* Pods-PZXPiPTeleprompter.release.xcconfig */;
			buildSettings = {
				ASSETCATALOG_COMPILER_APPICON_NAME = AppIcon;
				ASSETCATALOG_COMPILER_GLOBAL_ACCENT_COLOR_NAME = AccentColor;
				CODE_SIGN_STYLE = Automatic;
				CURRENT_PROJECT_VERSION = 1;
				DEVELOPMENT_TEAM = Y9CNN765NZ;
				GENERATE_INFOPLIST_FILE = YES;
				INFOPLIST_FILE = PZXPiPTeleprompter/Info.plist;
				INFOPLIST_KEY_UIApplicationSupportsIndirectInputEvents = YES;
				INFOPLIST_KEY_UILaunchStoryboardName = LaunchScreen;
				INFOPLIST_KEY_UIMainStoryboardFile = Main;
				INFOPLIST_KEY_UISupportedInterfaceOrientations_iPad = "UIInterfaceOrientationPortrait UIInterfaceOrientationPortraitUpsideDown UIInterfaceOrientationLandscapeLeft UIInterfaceOrientationLandscapeRight";
				INFOPLIST_KEY_UISupportedInterfaceOrientations_iPhone = "UIInterfaceOrientationPortrait UIInterfaceOrientationLandscapeLeft UIInterfaceOrientationLandscapeRight";
				IPHONEOS_DEPLOYMENT_TARGET = 14.0;
				LD_RUNPATH_SEARCH_PATHS = (
					"$(inherited)",
					"@executable_path/Frameworks",
				);
				MARKETING_VERSION = 1.0;
				PRODUCT_BUNDLE_IDENTIFIER = ornn.PZXPiPTeleprompter;
				PRODUCT_NAME = "$(TARGET_NAME)";
				SWIFT_EMIT_LOC_STRINGS = YES;
				SWIFT_VERSION = 5.0;
				TARGETED_DEVICE_FAMILY = "1,2";
			};
			name = Release;
		};
/* End XCBuildConfiguration section */

/* Begin XCConfigurationList section */
		700B5DB92A13134A0022913D /* Build configuration list for PBXProject "PZXPiPTeleprompter" */ = {
			isa = XCConfigurationList;
			buildConfigurations = (
				700B5DD02A13134B0022913D /* Debug */,
				700B5DD12A13134B0022913D /* Release */,
			);
			defaultConfigurationIsVisible = 0;
			defaultConfigurationName = Release;
		};
		700B5DD22A13134B0022913D /* Build configuration list for PBXNativeTarget "PZXPiPTeleprompter" */ = {
			isa = XCConfigurationList;
			buildConfigurations = (
				700B5DD32A13134B0022913D /* Debug */,
				700B5DD42A13134B0022913D /* Release */,
			);
			defaultConfigurationIsVisible = 0;
			defaultConfigurationName = Release;
		};
/* End XCConfigurationList section */
	};
	rootObject = 700B5DB62A13134A0022913D /* Project object */;
}
